
Microsoft Visual Studio Solution File, Format Version 12.00
# Visual Studio Version 17
VisualStudioVersion = 17.14.37614.0 d17.14
MinimumVisualStudioVersion = 10.0.40219.1
Project("{FAE04EC0-301F-11D3-BF4B-00C04F79EFBC}") = "P_FUN_Currency", "P_FUN_Currency.csproj", "{B99943DC-CADB-4008-AAB7-D06C746E9830}"
EndProject
Global
	GlobalSection(SolutionConfigurationPlatforms) = preSolution
		Debug|Any CPU = Debug|Any CPU
		Release|Any CPU = Release|Any CPU
	EndGlobalSection
	GlobalSection(ProjectConfigurationPlatforms) = postSolution
		{B99943DC-CADB-4008-AAB7-D06C746E9830}.Debug|Any CPU.ActiveCfg = Debug|Any CPU
		{B99943DC-CADB-4008-AAB7-D06C746E9830}.Debug|Any CPU.Build.0 = Debug|Any CPU
		{B99943DC-CADB-4008-AAB7-D06C746E9830}.Release|Any CPU.ActiveCfg = Release|Any CPU
		{B99943DC-CADB-4008-AAB7-D06C746E9830}.Release|Any CPU.Build.0 = Release|Any CPU
	EndGlobalSection
	GlobalSection(SolutionProperties) = preSolution
		HideSolutionNode = FALSE
	EndGlobalSection
	GlobalSection(ExtensibilityGlobals) = postSolution
		SolutionGuid = {64A9A45A-BDED-4207-B53E-CC82606D5512}
	EndGlobalSection
EndGlobal
